// !$*UTF8*$!
{
	archiveVersion = 1;
	classes = {
	};
	objectVersion = 50;
	objects = {

/* Begin PBXBuildFile section */
		289335CC24E6FAD300BBEB21 /* AppDelegate.swift in Sources */ = {isa = PBXBuildFile; fileRef = 289335CB24E6FAD300BBEB21 /* AppDelegate.swift */; };
		289335D024E6FAD300BBEB21 /* ViewController.swift in Sources */ = {isa = PBXBuildFile; fileRef = 289335CF24E6FAD300BBEB21 /* ViewController.swift */; };
		289335D324E6FAD300BBEB21 /* Main.storyboard in Resources */ = {isa = PBXBuildFile; fileRef = 289335D124E6FAD300BBEB21 /* Main.storyboard */; };
		289335D524E6FAD700BBEB21 /* Assets.xcassets in Resources */ = {isa = PBXBuildFile; fileRef = 289335D424E6FAD700BBEB21 /* Assets.xcassets */; };
		289335D824E6FAD700BBEB21 /* LaunchScreen.storyboard in Resources */ = {isa = PBXBuildFile; fileRef = 289335D624E6FAD700BBEB21 /* LaunchScreen.storyboard */; };
		4C6503C32534B92200ECF8B9 /* MobileRTCResources.bundle in Resources */ = {isa = PBXBuildFile; fileRef = 4C6503C02534B90F00ECF8B9 /* MobileRTCResources.bundle */; };
		4C6503C42534B93700ECF8B9 /* MobileRTC.framework in Frameworks */ = {isa = PBXBuildFile; fileRef = 4C6503BF2534B90F00ECF8B9 /* MobileRTC.framework */; };
		4C6503C52534B93700ECF8B9 /* MobileRTC.framework in Embed Frameworks */ = {isa = PBXBuildFile; fileRef = 4C6503BF2534B90F00ECF8B9 /* MobileRTC.framework */; settings = {ATTRIBUTES = (CodeSignOnCopy, RemoveHeadersOnCopy, ); }; };
/* End PBXBuildFile section */

/* Begin PBXCopyFilesBuildPhase section */
		289335E524E7028800BBEB21 /* Embed Frameworks */ = {
			isa = PBXCopyFilesBuildPhase;
			buildActionMask = 2147483647;
			dstPath = "";
			dstSubfolderSpec = 10;
			files = (
				4C6503C52534B93700ECF8B9 /* MobileRTC.framework in Embed Frameworks */,
			);
			name = "Embed Frameworks";
			runOnlyForDeploymentPostprocessing = 0;
		};
/* End PBXCopyFilesBuildPhase section */

/* Begin PBXFileReference section */
		289335C824E6FAD200BBEB21 /* ZoomiOSSDKDemo.app */ = {isa = PBXFileReference; explicitFileType = wrapper.application; includeInIndex = 0; path = ZoomiOSSDKDemo.app; sourceTree = BUILT_PRODUCTS_DIR; };
		289335CB24E6FAD300BBEB21 /* AppDelegate.swift */ = {isa = PBXFileReference; lastKnownFileType = sourcecode.swift; path = AppDelegate.swift; sourceTree = "<group>"; };
		289335CF24E6FAD300BBEB21 /* ViewController.swift */ = {isa = PBXFileReference; lastKnownFileType = sourcecode.swift; path = ViewController.swift; sourceTree = "<group>"; };
		289335D224E6FAD300BBEB21 /* Base */ = {isa = PBXFileReference; lastKnownFileType = file.storyboard; name = Base; path = Base.lproj/Main.storyboard; sourceTree = "<group>"; };
		289335D424E6FAD700BBEB21 /* Assets.xcassets */ = {isa = PBXFileReference; lastKnownFileType = folder.assetcatalog; path = Assets.xcassets; sourceTree = "<group>"; };
		289335D724E6FAD700BBEB21 /* Base */ = {isa = PBXFileReference; lastKnownFileType = file.storyboard; name = Base; path = Base.lproj/LaunchScreen.storyboard; sourceTree = "<group>"; };
		289335D924E6FAD700BBEB21 /* Info.plist */ = {isa = PBXFileReference; lastKnownFileType = text.plist.xml; path = Info.plist; sourceTree = "<group>"; };
		4C6503BF2534B90F00ECF8B9 /* MobileRTC.framework */ = {isa = PBXFileReference; lastKnownFileType = wrapper.framework; name = MobileRTC.framework; path = ../MobileRTC.framework; sourceTree = "<group>"; };
		4C6503C02534B90F00ECF8B9 /* MobileRTCResources.bundle */ = {isa = PBXFileReference; lastKnownFileType = "wrapper.plug-in"; name = MobileRTCResources.bundle; path = ../MobileRTCResources.bundle; sourceTree = "<group>"; };
/* End PBXFileReference section */

/* Begin PBXFrameworksBuildPhase section */
		289335C524E6FAD200BBEB21 /* Frameworks */ = {
			isa = PBXFrameworksBuildPhase;
			buildActionMask = 2147483647;
			files = (
				4C6503C42534B93700ECF8B9 /* MobileRTC.framework in Frameworks */,
			);
			runOnlyForDeploymentPostprocessing = 0;
		};
/* End PBXFrameworksBuildPhase section */

/* Begin PBXGroup section */
		289335BF24E6FAD200BBEB21 = {
			isa = PBXGroup;
			children = (
				4C6503BF2534B90F00ECF8B9 /* MobileRTC.framework */,
				4C6503C02534B90F00ECF8B9 /* MobileRTCResources.bundle */,
				289335CA24E6FAD200BBEB21 /* ZoomiOSSDKDemo */,
				289335C924E6FAD200BBEB21 /* Products */,
			);
			sourceTree = "<group>";
		};
		289335C924E6FAD200BBEB21 /* Products */ = {
			isa = PBXGroup;
			children = (
				289335C824E6FAD200BBEB21 /* ZoomiOSSDKDemo.app */,
			);
			name = Products;
			sourceTree = "<group>";
		};
		289335CA24E6FAD200BBEB21 /* ZoomiOSSDKDemo */ = {
			isa = PBXGroup;
			children = (
				289335CB24E6FAD300BBEB21 /* AppDelegate.swift */,
				289335CF24E6FAD300BBEB21 /* ViewController.swift */,
				289335D124E6FAD300BBEB21 /* Main.storyboard */,
				289335D424E6FAD700BBEB21 /* Assets.xcassets */,
				289335D624E6FAD700BBEB21 /* LaunchScreen.storyboard */,
				289335D924E6FAD700BBEB21 /* Info.plist */,
			);
			path = ZoomiOSSDKDemo;
			sourceTree = "<group>";
		};
/* End PBXGroup section */

/* Begin PBXNativeTarget section */
		289335C724E6FAD200BBEB21 /* ZoomiOSSDKDemo */ = {
			isa = PBXNativeTarget;
			buildConfigurationList = 289335DC24E6FAD700BBEB21 /* Build configuration list for PBXNativeTarget "ZoomiOSSDKDemo" */;
			buildPhases = (
				289335C424E6FAD200BBEB21 /* Sources */,
				289335C524E6FAD200BBEB21 /* Frameworks */,
				289335C624E6FAD200BBEB21 /* Resources */,
				289335E524E7028800BBEB21 /* Embed Frameworks */,
			);
			buildRules = (
			);
			dependencies = (
			);
			name = ZoomiOSSDKDemo;
			productName = ZoomiOSSDKDemo;
			productReference = 289335C824E6FAD200BBEB21 /* ZoomiOSSDKDemo.app */;
			productType = "com.apple.product-type.application";
		};
/* End PBXNativeTarget section */

/* Begin PBXProject section */
		289335C024E6FAD200BBEB21 /* Project object */ = {
			isa = PBXProject;
			attributes = {
				LastSwiftUpdateCheck = 1160;
				LastUpgradeCheck = 1210;
				ORGANIZATIONNAME = "Zoom Video Communications";
				TargetAttributes = {
					289335C724E6FAD200BBEB21 = {
						CreatedOnToolsVersion = 11.6;
					};
				};
			};
			buildConfigurationList = 289335C324E6FAD200BBEB21 /* Build configuration list for PBXProject "ZoomiOSSDKDemo" */;
			compatibilityVersion = "Xcode 9.3";
			developmentRegion = en;
			hasScannedForEncodings = 0;
			knownRegions = (
				en,
				Base,
			);
			mainGroup = 289335BF24E6FAD200BBEB21;
			productRefGroup = 289335C924E6FAD200BBEB21 /* Products */;
			projectDirPath = "";
			projectRoot = "";
			targets = (
				289335C724E6FAD200BBEB21 /* ZoomiOSSDKDemo */,
			);
		};
/* End PBXProject section */

/* Begin PBXResourcesBuildPhase section */
		289335C624E6FAD200BBEB21 /* Resources */ = {
			isa = PBXResourcesBuildPhase;
			buildActionMask = 2147483647;
			files = (
				289335D824E6FAD700BBEB21 /* LaunchScreen.storyboard in Resources */,
				289335D524E6FAD700BBEB21 /* Assets.xcassets in Resources */,
				289335D324E6FAD300BBEB21 /* Main.storyboard in Resources */,
				4C6503C32534B92200ECF8B9 /* MobileRTCResources.bundle in Resources */,
			);
			runOnlyForDeploymentPostprocessing = 0;
		};
/* End PBXResourcesBuildPhase section */

/* Begin PBXSourcesBuildPhase section */
		289335C424E6FAD200BBEB21 /* Sources */ = {
			isa = PBXSourcesBuildPhase;
			buildActionMask = 2147483647;
			files = (
				289335D024E6FAD300BBEB21 /* ViewController.swift in Sources */,
				289335CC24E6FAD300BBEB21 /* AppDelegate.swift in Sources */,
			);
			runOnlyForDeploymentPostprocessing = 0;
		};
/* End PBXSourcesBuildPhase section */

/* Begin PBXVariantGroup section */
		289335D124E6FAD300BBEB21 /* Main.storyboard */ = {
			isa = PBXVariantGroup;
			children = (
				289335D224E6FAD300BBEB21 /* Base */,
			);
			name = Main.storyboard;
			sourceTree = "<group>";
		};
		289335D624E6FAD700BBEB21 /* LaunchScreen.storyboard */ = {
			isa = PBXVariantGroup;
			children = (
				289335D724E6FAD700BBEB21 /* Base */,
			);
			name = LaunchScreen.storyboard;
			sourceTree = "<group>";
		};
/* End PBXVariantGroup section */

/* Begin XCBuildConfiguration section */
		289335DA24E6FAD700BBEB21 /* Debug */ = {
			isa = XCBuildConfiguration;
			buildSettings = {
				ALWAYS_SEARCH_USER_PATHS = NO;
				CLANG_ANALYZER_NONNULL = YES;
				CLANG_ANALYZER_NUMBER_OBJECT_CONVERSION = YES_AGGRESSIVE;
				CLANG_CXX_LANGUAGE_STANDARD = "gnu++14";
				CLANG_CXX_LIBRARY = "libc++";
				CLANG_ENABLE_MODULES = YES;
				CLANG_ENABLE_OBJC_ARC = YES;
				CLANG_ENABLE_OBJC_WEAK = YES;
				CLANG_WARN_BLOCK_CAPTURE_AUTORELEASING = YES;
				CLANG_WARN_BOOL_CONVERSION = YES;
				CLANG_WARN_COMMA = YES;
				CLANG_WARN_CONSTANT_CONVERSION = YES;
				CLANG_WARN_DEPRECATED_OBJC_IMPLEMENTATIONS = YES;
				CLANG_WARN_DIRECT_OBJC_ISA_USAGE = YES_ERROR;
				CLANG_WARN_DOCUMENTATION_COMMENTS = YES;
				CLANG_WARN_EMPTY_BODY = YES;
				CLANG_WARN_ENUM_CONVERSION = YES;
				CLANG_WARN_INFINITE_RECURSION = YES;
				CLANG_WARN_INT_CONVERSION = YES;
				CLANG_WARN_NON_LITERAL_NULL_CONVERSION = YES;
				CLANG_WARN_OBJC_IMPLICIT_RETAIN_SELF = YES;
				CLANG_WARN_OBJC_LITERAL_CONVERSION = YES;
				CLANG_WARN_OBJC_ROOT_CLASS = YES_ERROR;
				CLANG_WARN_QUOTED_INCLUDE_IN_FRAMEWORK_HEADER = YES;
				CLANG_WARN_RANGE_LOOP_ANALYSIS = YES;
				CLANG_WARN_STRICT_PROTOTYPES = YES;
				CLANG_WARN_SUSPICIOUS_MOVE = YES;
				CLANG_WARN_UNGUARDED_AVAILABILITY = YES_AGGRESSIVE;
				CLANG_WARN_UNREACHABLE_CODE = YES;
				CLANG_WARN__DUPLICATE_METHOD_MATCH = YES;
				COPY_PHASE_STRIP = NO;
				DEBUG_INFORMATION_FORMAT = dwarf;
				ENABLE_STRICT_OBJC_MSGSEND = YES;
				ENABLE_TESTABILITY = YES;
				FRAMEWORK_SEARCH_PATHS = "$(PROJECT_DIR)/../";
				GCC_C_LANGUAGE_STANDARD = gnu11;
				GCC_DYNAMIC_NO_PIC = NO;
				GCC_NO_COMMON_BLOCKS = YES;
				GCC_OPTIMIZATION_LEVEL = 0;
				GCC_PREPROCESSOR_DEFINITIONS = (
					"DEBUG=1",
					"$(inherited)",
				);
				GCC_WARN_64_TO_32_BIT_CONVERSION = YES;
				GCC_WARN_ABOUT_RETURN_TYPE = YES_ERROR;
				GCC_WARN_UNDECLARED_SELECTOR = YES;
				GCC_WARN_UNINITIALIZED_AUTOS = YES_AGGRESSIVE;
				GCC_WARN_UNUSED_FUNCTION = YES;
				GCC_WARN_UNUSED_VARIABLE = YES;
				IPHONEOS_DEPLOYMENT_TARGET = 13.5;
				MTL_ENABLE_DEBUG_INFO = INCLUDE_SOURCE;
				MTL_FAST_MATH = YES;
				ONLY_ACTIVE_ARCH = YES;
				SDKROOT = iphoneos;
				SWIFT_ACTIVE_COMPILATION_CONDITIONS = DEBUG;
				SWIFT_OPTIMIZATION_LEVEL = "-Onone";
			};
			name = Debug;
		};
		289335DB24E6FAD700BBEB21 /* Release */ = {
			isa = XCBuildConfiguration;
			buildSettings = {
				ALWAYS_SEARCH_USER_PATHS = NO;
				CLANG_ANALYZER_NONNULL = YES;
				CLANG_ANALYZER_NUMBER_OBJECT_CONVERSION = YES_AGGRESSIVE;
				CLANG_CXX_LANGUAGE_STANDARD = "gnu++14";
				CLANG_CXX_LIBRARY = "libc++";
				CLANG_ENABLE_MODULES = YES;
				CLANG_ENABLE_OBJC_ARC = YES;
				CLANG_ENABLE_OBJC_WEAK = YES;
				CLANG_WARN_BLOCK_CAPTURE_AUTORELEASING = YES;
				CLANG_WARN_BOOL_CONVERSION = YES;
				CLANG_WARN_COMMA = YES;
				CLANG_WARN_CONSTANT_CONVERSION = YES;
				CLANG_WARN_DEPRECATED_OBJC_IMPLEMENTATIONS = YES;
				CLANG_WARN_DIRECT_OBJC_ISA_USAGE = YES_ERROR;
				CLANG_WARN_DOCUMENTATION_COMMENTS = YES;
				CLANG_WARN_EMPTY_BODY = YES;
				CLANG_WARN_ENUM_CONVERSION = YES;
				CLANG_WARN_INFINITE_RECURSION = YES;
				CLANG_WARN_INT_CONVERSION = YES;
				CLANG_WARN_NON_LITERAL_NULL_CONVERSION = YES;
				CLANG_WARN_OBJC_IMPLICIT_RETAIN_SELF = YES;
				CLANG_WARN_OBJC_LITERAL_CONVERSION = YES;
				CLANG_WARN_OBJC_ROOT_CLASS = YES_ERROR;
				CLANG_WARN_QUOTED_INCLUDE_IN_FRAMEWORK_HEADER = YES;
				CLANG_WARN_RANGE_LOOP_ANALYSIS = YES;
				CLANG_WARN_STRICT_PROTOTYPES = YES;
				CLANG_WARN_SUSPICIOUS_MOVE = YES;
				CLANG_WARN_UNGUARDED_AVAILABILITY = YES_AGGRESSIVE;
				CLANG_WARN_UNREACHABLE_CODE = YES;
				CLANG_WARN__DUPLICATE_METHOD_MATCH = YES;
				COPY_PHASE_STRIP = NO;
				DEBUG_INFORMATION_FORMAT = "dwarf-with-dsym";
				ENABLE_NS_ASSERTIONS = NO;
				ENABLE_STRICT_OBJC_MSGSEND = YES;
				FRAMEWORK_SEARCH_PATHS = "$(PROJECT_DIR)/../";
				GCC_C_LANGUAGE_STANDARD = gnu11;
				GCC_NO_COMMON_BLOCKS = YES;
				GCC_WARN_64_TO_32_BIT_CONVERSION = YES;
				GCC_WARN_ABOUT_RETURN_TYPE = YES_ERROR;
				GCC_WARN_UNDECLARED_SELECTOR = YES;
				GCC_WARN_UNINITIALIZED_AUTOS = YES_AGGRESSIVE;
				GCC_WARN_UNUSED_FUNCTION = YES;
				GCC_WARN_UNUSED_VARIABLE = YES;
				IPHONEOS_DEPLOYMENT_TARGET = 13.5;
				MTL_ENABLE_DEBUG_INFO = NO;
				MTL_FAST_MATH = YES;
				SDKROOT = iphoneos;
				SWIFT_COMPILATION_MODE = wholemodule;
				SWIFT_OPTIMIZATION_LEVEL = "-O";
				VALIDATE_PRODUCT = YES;
			};
			name = Release;
		};
		289335DD24E6FAD700BBEB21 /* Debug */ = {
			isa = XCBuildConfiguration;
			buildSettings = {
				ASSETCATALOG_COMPILER_APPICON_NAME = AppIcon;
				CODE_SIGN_IDENTITY = "iPhone Developer";
				CODE_SIGN_STYLE = Manual;
				ENABLE_BITCODE = NO;
				FRAMEWORK_SEARCH_PATHS = (
					"$(inherited)",
					"$(PROJECT_DIR)",
				);
				INFOPLIST_FILE = ZoomiOSSDKDemo/Info.plist;
				LD_RUNPATH_SEARCH_PATHS = (
					"$(inherited)",
					"@executable_path/Frameworks",
				);
				PRODUCT_BUNDLE_IDENTIFIER = com.zoom.ZoomiOSSDKDemo;
				PRODUCT_NAME = "$(TARGET_NAME)";
				SWIFT_VERSION = 5.0;
				TARGETED_DEVICE_FAMILY = "1,2";
			};
			name = Debug;
		};
		289335DE24E6FAD700BBEB21 /* Release */ = {
			isa = XCBuildConfiguration;
			buildSettings = {
				ASSETCATALOG_COMPILER_APPICON_NAME = AppIcon;
				CODE_SIGN_IDENTITY = "iPhone Developer";
				CODE_SIGN_STYLE = Manual;
				ENABLE_BITCODE = NO;
				FRAMEWORK_SEARCH_PATHS = "$(PROJECT_DIR)/../";
				INFOPLIST_FILE = ZoomiOSSDKDemo/Info.plist;
				LD_RUNPATH_SEARCH_PATHS = (
					"$(inherited)",
					"@executable_path/Frameworks",
				);
				PRODUCT_BUNDLE_IDENTIFIER = com.zoom.ZoomiOSSDKDemo;
				PRODUCT_NAME = "$(TARGET_NAME)";
				SWIFT_VERSION = 5.0;
				TARGETED_DEVICE_FAMILY = "1,2";
			};
			name = Release;
		};
/* End XCBuildConfiguration section */

/* Begin XCConfigurationList section */
		289335C324E6FAD200BBEB21 /* Build configuration list for PBXProject "ZoomiOSSDKDemo" */ = {
			isa = XCConfigurationList;
			buildConfigurations = (
				289335DA24E6FAD700BBEB21 /* Debug */,
				289335DB24E6FAD700BBEB21 /* Release */,
			);
			defaultConfigurationIsVisible = 0;
			defaultConfigurationName = Release;
		};
		289335DC24E6FAD700BBEB21 /* Build configuration list for PBXNativeTarget "ZoomiOSSDKDemo" */ = {
			isa = XCConfigurationList;
			buildConfigurations = (
				289335DD24E6FAD700BBEB21 /* Debug */,
				289335DE24E6FAD700BBEB21 /* Release */,
			);
			defaultConfigurationIsVisible = 0;
			defaultConfigurationName = Release;
		};
/* End XCConfigurationList section */
	};
	rootObject = 289335C024E6FAD200BBEB21 /* Project object */;
}
